<?xml version="1.0" encoding="utf-8"?>
<Project ToolsVersion="4.0" xmlns="http://schemas.microsoft.com/developer/msbuild/2003">
  <ItemGroup>
    <Filter Include="Source Files">
      <UniqueIdentifier>{4FC737F1-C7A5-4376-A066-2A32D752A2FF}</UniqueIdentifier>
      <Extensions>cpp;c;cc;cxx;c++;cppm;ixx;def;odl;idl;hpj;bat;asm;asmx</Extensions>
    </Filter>
    <Filter Include="Header Files">
      <UniqueIdentifier>{93995380-89BD-4b04-88EB-625FBE52EBFB}</UniqueIdentifier>
      <Extensions>h;hh;hpp;hxx;h++;hm;inl;inc;ipp;xsd</Extensions>
    </Filter>
    <Filter Include="Resource Files">
      <UniqueIdentifier>{67DA6AB6-F800-4c08-8B7A-83BB121AAD01}</UniqueIdentifier>
      <Extensions>rc;ico;cur;bmp;dlg;rc2;rct;bin;rgs;gif;jpg;jpeg;jpe;resx;tiff;tif;png;wav;mfcribbon-ms</Extensions>
    </Filter>
    <Filter Include="src">
      <UniqueIdentifier>{654f2dd8-0643-4b31-80db-c1aa07d5d0e0}</UniqueIdentifier>
    </Filter>
    <Filter Include="include">
      <UniqueIdentifier>{17170d42-c24b-4098-a1a4-8e8b65edd344}</UniqueIdentifier>
    </Filter>
    <Filter Include="data">
      <UniqueIdentifier>{815c1a9f-1ece-46d3-981c-d28365f2e7b0}</UniqueIdentifier>
    </Filter>
    <Filter Include="web">
      <UniqueIdentifier>{75deef4d-aa4b-41a3-b970-8fd6a232f515}</UniqueIdentifier>
    </Filter>
  </ItemGroup>
  <ItemGroup>
    <ClCompile Include="main.c">
      <Filter>src</Filter>
    </ClCompile>
    <ClCompile Include="insertion_sort.c">
      <Filter>src</Filter>
    </ClCompile>
    <ClCompile Include="busqueda_binaria.c">
      <Filter>src</Filter>
    </ClCompile>
    <ClCompile Include="busqueda_lineal.c">
      <Filter>src</Filter>
    </ClCompile>
    <ClCompile Include="fortaleza.c">
      <Filter>src</Filter>
    </ClCompile>
    <ClCompile Include="carga_datos.c">
      <Filter>src</Filter>
    </ClCompile>
    <ClCompile Include="estado_peticion.c">
      <Filter>src</Filter>
    </ClCompile>
    <ClCompile Include="servidor_http.c">
      <Filter>src</Filter>
    </ClCompile>
    <ClCompile Include="verificacion.c">
      <Filter>src</Filter>
    </ClCompile>
  </ItemGroup>
  <ItemGroup>
    <ClInclude Include="Password.h">
      <Filter>include</Filter>
    </ClInclude>
    <ClInclude Include="carga_datos.h">
      <Filter>include</Filter>
    </ClInclude>
    <ClInclude Include="estado_global.h">
      <Filter>include</Filter>
    </ClInclude>
    <ClInclude Include="estado_peticion.h">
      <Filter>include</Filter>
    </ClInclude>
    <ClInclude Include="servidor_http.h">
      <Filter>include</Filter>
    </ClInclude>
    <ClInclude Include="verificacion.h">
      <Filter>include</Filter>
    </ClInclude>
  </ItemGroup>
  <ItemGroup>
    <Text Include="palabras_comunes.txt">
      <Filter>data</Filter>
    </Text>
    <Text Include="contrasenas_filtradas.txt">
      <Filter>data</Filter>
    </Text>
  </ItemGroup>
  <ItemGroup>
    <None Include="web\app.js">
      <Filter>web</Filter>
    </None>
    <None Include="web\index.html">
      <Filter>web</Filter>
    </None>
    <None Include="web\style.css">
      <Filter>web</Filter>
    </None>
  </ItemGroup>
</Project>